// !$*UTF8*$!
{
	archiveVersion = 1;
	classes = {
	};
	objectVersion = 46;
	objects = {

/* Begin PBXBuildFile section */
		370093C21BF6EDEE000738AE /* AppDelegate.swift in Sources */ = {isa = PBXBuildFile; fileRef = 370093C11BF6EDEE000738AE /* AppDelegate.swift */; };
		370093C71BF6EDEE000738AE /* Main.storyboard in Resources */ = {isa = PBXBuildFile; fileRef = 370093C51BF6EDEE000738AE /* Main.storyboard */; };
		370093C91BF6EDEE000738AE /* Assets.xcassets in Resources */ = {isa = PBXBuildFile; fileRef = 370093C81BF6EDEE000738AE /* Assets.xcassets */; };
		370093CC1BF6EDEE000738AE /* LaunchScreen.storyboard in Resources */ = {isa = PBXBuildFile; fileRef = 370093CA1BF6EDEE000738AE /* LaunchScreen.storyboard */; };
		370093D71BF6EDEE000738AE /* PinLocoTests.swift in Sources */ = {isa = PBXBuildFile; fileRef = 370093D61BF6EDEE000738AE /* PinLocoTests.swift */; };
		370093E21BF6EDEE000738AE /* PinLocoUITests.swift in Sources */ = {isa = PBXBuildFile; fileRef = 370093E11BF6EDEE000738AE /* PinLocoUITests.swift */; };
		576323C01BF6FBC10053364E /* LoginViewController.swift in Sources */ = {isa = PBXBuildFile; fileRef = 576323BF1BF6FBC10053364E /* LoginViewController.swift */; };
		57F690B81BF70CFE00F274AD /* SignupViewController.swift in Sources */ = {isa = PBXBuildFile; fileRef = 57F690B71BF70CFE00F274AD /* SignupViewController.swift */; };
		57F690BB1BF70E3000F274AD /* Bolts.framework in Frameworks */ = {isa = PBXBuildFile; fileRef = 57F690B91BF70E3000F274AD /* Bolts.framework */; };
		57F690BC1BF70E3000F274AD /* Parse.framework in Frameworks */ = {isa = PBXBuildFile; fileRef = 57F690BA1BF70E3000F274AD /* Parse.framework */; };
		57F690BE1BF70E9400F274AD /* AudioToolbox.framework in Frameworks */ = {isa = PBXBuildFile; fileRef = 57F690BD1BF70E9400F274AD /* AudioToolbox.framework */; };
		57F690C01BF70E9F00F274AD /* CFNetwork.framework in Frameworks */ = {isa = PBXBuildFile; fileRef = 57F690BF1BF70E9F00F274AD /* CFNetwork.framework */; };
		57F690C21BF70EB100F274AD /* CoreGraphics.framework in Frameworks */ = {isa = PBXBuildFile; fileRef = 57F690C11BF70EB100F274AD /* CoreGraphics.framework */; };
		57F690C41BF70EBC00F274AD /* QuartzCore.framework in Frameworks */ = {isa = PBXBuildFile; fileRef = 57F690C31BF70EBC00F274AD /* QuartzCore.framework */; };
		57F690C61BF70EC800F274AD /* Security.framework in Frameworks */ = {isa = PBXBuildFile; fileRef = 57F690C51BF70EC800F274AD /* Security.framework */; };
		57F690C81BF70ED300F274AD /* StoreKit.framework in Frameworks */ = {isa = PBXBuildFile; fileRef = 57F690C71BF70ED300F274AD /* StoreKit.framework */; };
		57F690CA1BF70EE200F274AD /* SystemConfiguration.framework in Frameworks */ = {isa = PBXBuildFile; fileRef = 57F690C91BF70EE200F274AD /* SystemConfiguration.framework */; };
		57F690CC1BF70F2B00F274AD /* libz.1.dylib in Frameworks */ = {isa = PBXBuildFile; fileRef = 57F690CB1BF70F2B00F274AD /* libz.1.dylib */; };
		57F690CE1BF70F7300F274AD /* libsqlite3.dylib in Frameworks */ = {isa = PBXBuildFile; fileRef = 57F690CD1BF70F7300F274AD /* libsqlite3.dylib */; };
		C30434711BF6EF8B006FB1B9 /* HomeViewController.swift in Sources */ = {isa = PBXBuildFile; fileRef = C30434701BF6EF8B006FB1B9 /* HomeViewController.swift */; };
		C30434731BF6F0F5006FB1B9 /* CoreLocation.framework in Frameworks */ = {isa = PBXBuildFile; fileRef = C30434721BF6F0F5006FB1B9 /* CoreLocation.framework */; };
		C30434751BF6F113006FB1B9 /* MapKit.framework in Frameworks */ = {isa = PBXBuildFile; fileRef = C30434741BF6F113006FB1B9 /* MapKit.framework */; };
/* End PBXBuildFile section */

/* Begin PBXContainerItemProxy section */
		370093D31BF6EDEE000738AE /* PBXContainerItemProxy */ = {
			isa = PBXContainerItemProxy;
			containerPortal = 370093B61BF6EDEE000738AE /* Project object */;
			proxyType = 1;
			remoteGlobalIDString = 370093BD1BF6EDEE000738AE;
			remoteInfo = PinLoco;
		};
		370093DE1BF6EDEE000738AE /* PBXContainerItemProxy */ = {
			isa = PBXContainerItemProxy;
			containerPortal = 370093B61BF6EDEE000738AE /* Project object */;
			proxyType = 1;
			remoteGlobalIDString = 370093BD1BF6EDEE000738AE;
			remoteInfo = PinLoco;
		};
/* End PBXContainerItemProxy section */

/* Begin PBXFileReference section */
		370093BE1BF6EDEE000738AE /* PinLoco.app */ = {isa = PBXFileReference; explicitFileType = wrapper.application; includeInIndex = 0; path = PinLoco.app; sourceTree = BUILT_PRODUCTS_DIR; };
		370093C11BF6EDEE000738AE /* AppDelegate.swift */ = {isa = PBXFileReference; lastKnownFileType = sourcecode.swift; path = AppDelegate.swift; sourceTree = "<group>"; };
		370093C61BF6EDEE000738AE /* Base */ = {isa = PBXFileReference; lastKnownFileType = file.storyboard; name = Base; path = Base.lproj/Main.storyboard; sourceTree = "<group>"; };
		370093C81BF6EDEE000738AE /* Assets.xcassets */ = {isa = PBXFileReference; lastKnownFileType = folder.assetcatalog; path = Assets.xcassets; sourceTree = "<group>"; };
		370093CB1BF6EDEE000738AE /* Base */ = {isa = PBXFileReference; lastKnownFileType = file.storyboard; name = Base; path = Base.lproj/LaunchScreen.storyboard; sourceTree = "<group>"; };
		370093CD1BF6EDEE000738AE /* Info.plist */ = {isa = PBXFileReference; lastKnownFileType = text.plist.xml; path = Info.plist; sourceTree = "<group>"; };
		370093D21BF6EDEE000738AE /* PinLocoTests.xctest */ = {isa = PBXFileReference; explicitFileType = wrapper.cfbundle; includeInIndex = 0; path = PinLocoTests.xctest; sourceTree = BUILT_PRODUCTS_DIR; };
		370093D61BF6EDEE000738AE /* PinLocoTests.swift */ = {isa = PBXFileReference; lastKnownFileType = sourcecode.swift; path = PinLocoTests.swift; sourceTree = "<group>"; };
		370093D81BF6EDEE000738AE /* Info.plist */ = {isa = PBXFileReference; lastKnownFileType = text.plist.xml; path = Info.plist; sourceTree = "<group>"; };
		370093DD1BF6EDEE000738AE /* PinLocoUITests.xctest */ = {isa = PBXFileReference; explicitFileType = wrapper.cfbundle; includeInIndex = 0; path = PinLocoUITests.xctest; sourceTree = BUILT_PRODUCTS_DIR; };
		370093E11BF6EDEE000738AE /* PinLocoUITests.swift */ = {isa = PBXFileReference; lastKnownFileType = sourcecode.swift; path = PinLocoUITests.swift; sourceTree = "<group>"; };
		370093E31BF6EDEE000738AE /* Info.plist */ = {isa = PBXFileReference; lastKnownFileType = text.plist.xml; path = Info.plist; sourceTree = "<group>"; };
		576323BF1BF6FBC10053364E /* LoginViewController.swift */ = {isa = PBXFileReference; fileEncoding = 4; lastKnownFileType = sourcecode.swift; name = LoginViewController.swift; path = ../LoginViewController.swift; sourceTree = "<group>"; };
		57F690B71BF70CFE00F274AD /* SignupViewController.swift */ = {isa = PBXFileReference; fileEncoding = 4; lastKnownFileType = sourcecode.swift; path = SignupViewController.swift; sourceTree = "<group>"; };
		57F690B91BF70E3000F274AD /* Bolts.framework */ = {isa = PBXFileReference; lastKnownFileType = wrapper.framework; path = Bolts.framework; sourceTree = "<group>"; };
		57F690BA1BF70E3000F274AD /* Parse.framework */ = {isa = PBXFileReference; lastKnownFileType = wrapper.framework; path = Parse.framework; sourceTree = "<group>"; };
		57F690BD1BF70E9400F274AD /* AudioToolbox.framework */ = {isa = PBXFileReference; lastKnownFileType = wrapper.framework; name = AudioToolbox.framework; path = System/Library/Frameworks/AudioToolbox.framework; sourceTree = SDKROOT; };
		57F690BF1BF70E9F00F274AD /* CFNetwork.framework */ = {isa = PBXFileReference; lastKnownFileType = wrapper.framework; name = CFNetwork.framework; path = System/Library/Frameworks/CFNetwork.framework; sourceTree = SDKROOT; };
		57F690C11BF70EB100F274AD /* CoreGraphics.framework */ = {isa = PBXFileReference; lastKnownFileType = wrapper.framework; name = CoreGraphics.framework; path = System/Library/Frameworks/CoreGraphics.framework; sourceTree = SDKROOT; };
		57F690C31BF70EBC00F274AD /* QuartzCore.framework */ = {isa = PBXFileReference; lastKnownFileType = wrapper.framework; name = QuartzCore.framework; path = System/Library/Frameworks/QuartzCore.framework; sourceTree = SDKROOT; };
		57F690C51BF70EC800F274AD /* Security.framework */ = {isa = PBXFileReference; lastKnownFileType = wrapper.framework; name = Security.framework; path = System/Library/Frameworks/Security.framework; sourceTree = SDKROOT; };
		57F690C71BF70ED300F274AD /* StoreKit.framework */ = {isa = PBXFileReference; lastKnownFileType = wrapper.framework; name = StoreKit.framework; path = System/Library/Frameworks/StoreKit.framework; sourceTree = SDKROOT; };
		57F690C91BF70EE200F274AD /* SystemConfiguration.framework */ = {isa = PBXFileReference; lastKnownFileType = wrapper.framework; name = SystemConfiguration.framework; path = System/Library/Frameworks/SystemConfiguration.framework; sourceTree = SDKROOT; };
		57F690CB1BF70F2B00F274AD /* libz.1.dylib */ = {isa = PBXFileReference; lastKnownFileType = "compiled.mach-o.dylib"; name = libz.1.dylib; path = ../../../../../usr/lib/libz.1.dylib; sourceTree = "<group>"; };
		57F690CD1BF70F7300F274AD /* libsqlite3.dylib */ = {isa = PBXFileReference; lastKnownFileType = "compiled.mach-o.dylib"; name = libsqlite3.dylib; path = ../../../../../usr/lib/libsqlite3.dylib; sourceTree = "<group>"; };
		C30434701BF6EF8B006FB1B9 /* HomeViewController.swift */ = {isa = PBXFileReference; fileEncoding = 4; lastKnownFileType = sourcecode.swift; name = HomeViewController.swift; path = ../HomeViewController.swift; sourceTree = "<group>"; };
		C30434721BF6F0F5006FB1B9 /* CoreLocation.framework */ = {isa = PBXFileReference; lastKnownFileType = wrapper.framework; name = CoreLocation.framework; path = System/Library/Frameworks/CoreLocation.framework; sourceTree = SDKROOT; };
		C30434741BF6F113006FB1B9 /* MapKit.framework */ = {isa = PBXFileReference; lastKnownFileType = wrapper.framework; name = MapKit.framework; path = System/Library/Frameworks/MapKit.framework; sourceTree = SDKROOT; };
/* End PBXFileReference section */

/* Begin PBXFrameworksBuildPhase section */
		370093BB1BF6EDEE000738AE /* Frameworks */ = {
			isa = PBXFrameworksBuildPhase;
			buildActionMask = 2147483647;
			files = (
				57F690CE1BF70F7300F274AD /* libsqlite3.dylib in Frameworks */,
				57F690CC1BF70F2B00F274AD /* libz.1.dylib in Frameworks */,
				57F690CA1BF70EE200F274AD /* SystemConfiguration.framework in Frameworks */,
				57F690C81BF70ED300F274AD /* StoreKit.framework in Frameworks */,
				57F690C61BF70EC800F274AD /* Security.framework in Frameworks */,
				57F690C41BF70EBC00F274AD /* QuartzCore.framework in Frameworks */,
				57F690C21BF70EB100F274AD /* CoreGraphics.framework in Frameworks */,
				57F690C01BF70E9F00F274AD /* CFNetwork.framework in Frameworks */,
				57F690BE1BF70E9400F274AD /* AudioToolbox.framework in Frameworks */,
				57F690BB1BF70E3000F274AD /* Bolts.framework in Frameworks */,
				C30434751BF6F113006FB1B9 /* MapKit.framework in Frameworks */,
				57F690BC1BF70E3000F274AD /* Parse.framework in Frameworks */,
				C30434731BF6F0F5006FB1B9 /* CoreLocation.framework in Frameworks */,
			);
			runOnlyForDeploymentPostprocessing = 0;
		};
		370093CF1BF6EDEE000738AE /* Frameworks */ = {
			isa = PBXFrameworksBuildPhase;
			buildActionMask = 2147483647;
			files = (
			);
			runOnlyForDeploymentPostprocessing = 0;
		};
		370093DA1BF6EDEE000738AE /* Frameworks */ = {
			isa = PBXFrameworksBuildPhase;
			buildActionMask = 2147483647;
			files = (
			);
			runOnlyForDeploymentPostprocessing = 0;
		};
/* End PBXFrameworksBuildPhase section */

/* Begin PBXGroup section */
		370093B51BF6EDEE000738AE = {
			isa = PBXGroup;
			children = (
				57F690CD1BF70F7300F274AD /* libsqlite3.dylib */,
				57F690CB1BF70F2B00F274AD /* libz.1.dylib */,
				57F690C91BF70EE200F274AD /* SystemConfiguration.framework */,
				57F690C71BF70ED300F274AD /* StoreKit.framework */,
				57F690C51BF70EC800F274AD /* Security.framework */,
				57F690C31BF70EBC00F274AD /* QuartzCore.framework */,
				57F690C11BF70EB100F274AD /* CoreGraphics.framework */,
				57F690BF1BF70E9F00F274AD /* CFNetwork.framework */,
				57F690BD1BF70E9400F274AD /* AudioToolbox.framework */,
				C30434741BF6F113006FB1B9 /* MapKit.framework */,
				C30434721BF6F0F5006FB1B9 /* CoreLocation.framework */,
				370093C01BF6EDEE000738AE /* PinLoco */,
				370093D51BF6EDEE000738AE /* PinLocoTests */,
				370093E01BF6EDEE000738AE /* PinLocoUITests */,
				370093BF1BF6EDEE000738AE /* Products */,
			);
			sourceTree = "<group>";
		};
		370093BF1BF6EDEE000738AE /* Products */ = {
			isa = PBXGroup;
			children = (
				370093BE1BF6EDEE000738AE /* PinLoco.app */,
				370093D21BF6EDEE000738AE /* PinLocoTests.xctest */,
				370093DD1BF6EDEE000738AE /* PinLocoUITests.xctest */,
			);
			name = Products;
			sourceTree = "<group>";
		};
		370093C01BF6EDEE000738AE /* PinLoco */ = {
			isa = PBXGroup;
			children = (
				57F690B91BF70E3000F274AD /* Bolts.framework */,
				57F690BA1BF70E3000F274AD /* Parse.framework */,
				C30434701BF6EF8B006FB1B9 /* HomeViewController.swift */,
				576323BF1BF6FBC10053364E /* LoginViewController.swift */,
				370093C11BF6EDEE000738AE /* AppDelegate.swift */,
				370093C51BF6EDEE000738AE /* Main.storyboard */,
				57F690B71BF70CFE00F274AD /* SignupViewController.swift */,
				370093C81BF6EDEE000738AE /* Assets.xcassets */,
				370093CA1BF6EDEE000738AE /* LaunchScreen.storyboard */,
				370093CD1BF6EDEE000738AE /* Info.plist */,
			);
			path = PinLoco;
			sourceTree = "<group>";
		};
		370093D51BF6EDEE000738AE /* PinLocoTests */ = {
			isa = PBXGroup;
			children = (
				370093D61BF6EDEE000738AE /* PinLocoTests.swift */,
				370093D81BF6EDEE000738AE /* Info.plist */,
			);
			path = PinLocoTests;
			sourceTree = "<group>";
		};
		370093E01BF6EDEE000738AE /* PinLocoUITests */ = {
			isa = PBXGroup;
			children = (
				370093E11BF6EDEE000738AE /* PinLocoUITests.swift */,
				370093E31BF6EDEE000738AE /* Info.plist */,
			);
			path = PinLocoUITests;
			sourceTree = "<group>";
		};
/* End PBXGroup section */

/* Begin PBXNativeTarget section */
		370093BD1BF6EDEE000738AE /* PinLoco */ = {
			isa = PBXNativeTarget;
			buildConfigurationList = 370093E61BF6EDEE000738AE /* Build configuration list for PBXNativeTarget "PinLoco" */;
			buildPhases = (
				370093BA1BF6EDEE000738AE /* Sources */,
				370093BB1BF6EDEE000738AE /* Frameworks */,
				370093BC1BF6EDEE000738AE /* Resources */,
			);
			buildRules = (
			);
			dependencies = (
			);
			name = PinLoco;
			productName = PinLoco;
			productReference = 370093BE1BF6EDEE000738AE /* PinLoco.app */;
			productType = "com.apple.product-type.application";
		};
		370093D11BF6EDEE000738AE /* PinLocoTests */ = {
			isa = PBXNativeTarget;
			buildConfigurationList = 370093E91BF6EDEE000738AE /* Build configuration list for PBXNativeTarget "PinLocoTests" */;
			buildPhases = (
				370093CE1BF6EDEE000738AE /* Sources */,
				370093CF1BF6EDEE000738AE /* Frameworks */,
				370093D01BF6EDEE000738AE /* Resources */,
			);
			buildRules = (
			);
			dependencies = (
				370093D41BF6EDEE000738AE /* PBXTargetDependency */,
			);
			name = PinLocoTests;
			productName = PinLocoTests;
			productReference = 370093D21BF6EDEE000738AE /* PinLocoTests.xctest */;
			productType = "com.apple.product-type.bundle.unit-test";
		};
		370093DC1BF6EDEE000738AE /* PinLocoUITests */ = {
			isa = PBXNativeTarget;
			buildConfigurationList = 370093EC1BF6EDEE000738AE /* Build configuration list for PBXNativeTarget "PinLocoUITests" */;
			buildPhases = (
				370093D91BF6EDEE000738AE /* Sources */,
				370093DA1BF6EDEE000738AE /* Frameworks */,
				370093DB1BF6EDEE000738AE /* Resources */,
			);
			buildRules = (
			);
			dependencies = (
				370093DF1BF6EDEE000738AE /* PBXTargetDependency */,
			);
			name = PinLocoUITests;
			productName = PinLocoUITests;
			productReference = 370093DD1BF6EDEE000738AE /* PinLocoUITests.xctest */;
			productType = "com.apple.product-type.bundle.ui-testing";
		};
/* End PBXNativeTarget section */

/* Begin PBXProject section */
		370093B61BF6EDEE000738AE /* Project object */ = {
			isa = PBXProject;
			attributes = {
				LastUpgradeCheck = 0700;
				ORGANIZATIONNAME = "Vivek Jain";
				TargetAttributes = {
					370093BD1BF6EDEE000738AE = {
						CreatedOnToolsVersion = 7.0.1;
						SystemCapabilities = {
							com.apple.Maps.iOS = {
								enabled = 1;
							};
						};
					};
					370093D11BF6EDEE000738AE = {
						CreatedOnToolsVersion = 7.0.1;
						TestTargetID = 370093BD1BF6EDEE000738AE;
					};
					370093DC1BF6EDEE000738AE = {
						CreatedOnToolsVersion = 7.0.1;
						TestTargetID = 370093BD1BF6EDEE000738AE;
					};
				};
			};
			buildConfigurationList = 370093B91BF6EDEE000738AE /* Build configuration list for PBXProject "PinLoco" */;
			compatibilityVersion = "Xcode 3.2";
			developmentRegion = English;
			hasScannedForEncodings = 0;
			knownRegions = (
				en,
				Base,
			);
			mainGroup = 370093B51BF6EDEE000738AE;
			productRefGroup = 370093BF1BF6EDEE000738AE /* Products */;
			projectDirPath = "";
			projectRoot = "";
			targets = (
				370093BD1BF6EDEE000738AE /* PinLoco */,
				370093D11BF6EDEE000738AE /* PinLocoTests */,
				370093DC1BF6EDEE000738AE /* PinLocoUITests */,
			);
		};
/* End PBXProject section */

/* Begin PBXResourcesBuildPhase section */
		370093BC1BF6EDEE000738AE /* Resources */ = {
			isa = PBXResourcesBuildPhase;
			buildActionMask = 2147483647;
			files = (
				370093CC1BF6EDEE000738AE /* LaunchScreen.storyboard in Resources */,
				370093C91BF6EDEE000738AE /* Assets.xcassets in Resources */,
				370093C71BF6EDEE000738AE /* Main.storyboard in Resources */,
			);
			runOnlyForDeploymentPostprocessing = 0;
		};
		370093D01BF6EDEE000738AE /* Resources */ = {
			isa = PBXResourcesBuildPhase;
			buildActionMask = 2147483647;
			files = (
			);
			runOnlyForDeploymentPostprocessing = 0;
		};
		370093DB1BF6EDEE000738AE /* Resources */ = {
			isa = PBXResourcesBuildPhase;
			buildActionMask = 2147483647;
			files = (
			);
			runOnlyForDeploymentPostprocessing = 0;
		};
/* End PBXResourcesBuildPhase section */

/* Begin PBXSourcesBuildPhase section */
		370093BA1BF6EDEE000738AE /* Sources */ = {
			isa = PBXSourcesBuildPhase;
			buildActionMask = 2147483647;
			files = (
				576323C01BF6FBC10053364E /* LoginViewController.swift in Sources */,
				370093C21BF6EDEE000738AE /* AppDelegate.swift in Sources */,
				57F690B81BF70CFE00F274AD /* SignupViewController.swift in Sources */,
				C30434711BF6EF8B006FB1B9 /* HomeViewController.swift in Sources */,
			);
			runOnlyForDeploymentPostprocessing = 0;
		};
		370093CE1BF6EDEE000738AE /* Sources */ = {
			isa = PBXSourcesBuildPhase;
			buildActionMask = 2147483647;
			files = (
				370093D71BF6EDEE000738AE /* PinLocoTests.swift in Sources */,
			);
			runOnlyForDeploymentPostprocessing = 0;
		};
		370093D91BF6EDEE000738AE /* Sources */ = {
			isa = PBXSourcesBuildPhase;
			buildActionMask = 2147483647;
			files = (
				370093E21BF6EDEE000738AE /* PinLocoUITests.swift in Sources */,
			);
			runOnlyForDeploymentPostprocessing = 0;
		};
/* End PBXSourcesBuildPhase section */

/* Begin PBXTargetDependency section */
		370093D41BF6EDEE000738AE /* PBXTargetDependency */ = {
			isa = PBXTargetDependency;
			target = 370093BD1BF6EDEE000738AE /* PinLoco */;
			targetProxy = 370093D31BF6EDEE000738AE /* PBXContainerItemProxy */;
		};
		370093DF1BF6EDEE000738AE /* PBXTargetDependency */ = {
			isa = PBXTargetDependency;
			target = 370093BD1BF6EDEE000738AE /* PinLoco */;
			targetProxy = 370093DE1BF6EDEE000738AE /* PBXContainerItemProxy */;
		};
/* End PBXTargetDependency section */

/* Begin PBXVariantGroup section */
		370093C51BF6EDEE000738AE /* Main.storyboard */ = {
			isa = PBXVariantGroup;
			children = (
				370093C61BF6EDEE000738AE /* Base */,
			);
			name = Main.storyboard;
			sourceTree = "<group>";
		};
		370093CA1BF6EDEE000738AE /* LaunchScreen.storyboard */ = {
			isa = PBXVariantGroup;
			children = (
				370093CB1BF6EDEE000738AE /* Base */,
			);
			name = LaunchScreen.storyboard;
			sourceTree = "<group>";
		};
/* End PBXVariantGroup section */

/* Begin XCBuildConfiguration section */
		370093E41BF6EDEE000738AE /* Debug */ = {
			isa = XCBuildConfiguration;
			buildSettings = {
				ALWAYS_SEARCH_USER_PATHS = NO;
				CLANG_CXX_LANGUAGE_STANDARD = "gnu++0x";
				CLANG_CXX_LIBRARY = "libc++";
				CLANG_ENABLE_MODULES = YES;
				CLANG_ENABLE_OBJC_ARC = YES;
				CLANG_WARN_BOOL_CONVERSION = YES;
				CLANG_WARN_CONSTANT_CONVERSION = YES;
				CLANG_WARN_DIRECT_OBJC_ISA_USAGE = YES_ERROR;
				CLANG_WARN_EMPTY_BODY = YES;
				CLANG_WARN_ENUM_CONVERSION = YES;
				CLANG_WARN_INT_CONVERSION = YES;
				CLANG_WARN_OBJC_ROOT_CLASS = YES_ERROR;
				CLANG_WARN_UNREACHABLE_CODE = YES;
				CLANG_WARN__DUPLICATE_METHOD_MATCH = YES;
				"CODE_SIGN_IDENTITY[sdk=iphoneos*]" = "iPhone Developer";
				COPY_PHASE_STRIP = NO;
				DEBUG_INFORMATION_FORMAT = dwarf;
				ENABLE_STRICT_OBJC_MSGSEND = YES;
				ENABLE_TESTABILITY = YES;
				GCC_C_LANGUAGE_STANDARD = gnu99;
				GCC_DYNAMIC_NO_PIC = NO;
				GCC_NO_COMMON_BLOCKS = YES;
				GCC_OPTIMIZATION_LEVEL = 0;
				GCC_PREPROCESSOR_DEFINITIONS = (
					"DEBUG=1",
					"$(inherited)",
				);
				GCC_WARN_64_TO_32_BIT_CONVERSION = YES;
				GCC_WARN_ABOUT_RETURN_TYPE = YES_ERROR;
				GCC_WARN_UNDECLARED_SELECTOR = YES;
				GCC_WARN_UNINITIALIZED_AUTOS = YES_AGGRESSIVE;
				GCC_WARN_UNUSED_FUNCTION = YES;
				GCC_WARN_UNUSED_VARIABLE = YES;
				IPHONEOS_DEPLOYMENT_TARGET = 9.0;
				MTL_ENABLE_DEBUG_INFO = YES;
				ONLY_ACTIVE_ARCH = YES;
				SDKROOT = iphoneos;
				SWIFT_OPTIMIZATION_LEVEL = "-Onone";
			};
			name = Debug;
		};
		370093E51BF6EDEE000738AE /* Release */ = {
			isa = XCBuildConfiguration;
			buildSettings = {
				ALWAYS_SEARCH_USER_PATHS = NO;
				CLANG_CXX_LANGUAGE_STANDARD = "gnu++0x";
				CLANG_CXX_LIBRARY = "libc++";
				CLANG_ENABLE_MODULES = YES;
				CLANG_ENABLE_OBJC_ARC = YES;
				CLANG_WARN_BOOL_CONVERSION = YES;
				CLANG_WARN_CONSTANT_CONVERSION = YES;
				CLANG_WARN_DIRECT_OBJC_ISA_USAGE = YES_ERROR;
				CLANG_WARN_EMPTY_BODY = YES;
				CLANG_WARN_ENUM_CONVERSION = YES;
				CLANG_WARN_INT_CONVERSION = YES;
				CLANG_WARN_OBJC_ROOT_CLASS = YES_ERROR;
				CLANG_WARN_UNREACHABLE_CODE = YES;
				CLANG_WARN__DUPLICATE_METHOD_MATCH = YES;
				"CODE_SIGN_IDENTITY[sdk=iphoneos*]" = "iPhone Developer";
				COPY_PHASE_STRIP = NO;
				DEBUG_INFORMATION_FORMAT = "dwarf-with-dsym";
				ENABLE_NS_ASSERTIONS = NO;
				ENABLE_STRICT_OBJC_MSGSEND = YES;
				GCC_C_LANGUAGE_STANDARD = gnu99;
				GCC_NO_COMMON_BLOCKS = YES;
				GCC_WARN_64_TO_32_BIT_CONVERSION = YES;
				GCC_WARN_ABOUT_RETURN_TYPE = YES_ERROR;
				GCC_WARN_UNDECLARED_SELECTOR = YES;
				GCC_WARN_UNINITIALIZED_AUTOS = YES_AGGRESSIVE;
				GCC_WARN_UNUSED_FUNCTION = YES;
				GCC_WARN_UNUSED_VARIABLE = YES;
				IPHONEOS_DEPLOYMENT_TARGET = 9.0;
				MTL_ENABLE_DEBUG_INFO = NO;
				SDKROOT = iphoneos;
				VALIDATE_PRODUCT = YES;
			};
			name = Release;
		};
		370093E71BF6EDEE000738AE /* Debug */ = {
			isa = XCBuildConfiguration;
			buildSettings = {
				ASSETCATALOG_COMPILER_APPICON_NAME = AppIcon;
				FRAMEWORK_SEARCH_PATHS = (
					"$(inherited)",
					"$(PROJECT_DIR)/PinLoco",
				);
				INFOPLIST_FILE = PinLoco/Info.plist;
				LD_RUNPATH_SEARCH_PATHS = "$(inherited) @executable_path/Frameworks";
				PRODUCT_BUNDLE_IDENTIFIER = PinLoco.PinLoco;
				PRODUCT_NAME = "$(TARGET_NAME)";
			};
			name = Debug;
		};
		370093E81BF6EDEE000738AE /* Release */ = {
			isa = XCBuildConfiguration;
			buildSettings = {
				ASSETCATALOG_COMPILER_APPICON_NAME = AppIcon;
				FRAMEWORK_SEARCH_PATHS = (
					"$(inherited)",
					"$(PROJECT_DIR)/PinLoco",
				);
				INFOPLIST_FILE = PinLoco/Info.plist;
				LD_RUNPATH_SEARCH_PATHS = "$(inherited) @executable_path/Frameworks";
				PRODUCT_BUNDLE_IDENTIFIER = PinLoco.PinLoco;
				PRODUCT_NAME = "$(TARGET_NAME)";
			};
			name = Release;
		};
		370093EA1BF6EDEE000738AE /* Debug */ = {
			isa = XCBuildConfiguration;
			buildSettings = {
				BUNDLE_LOADER = "$(TEST_HOST)";
				INFOPLIST_FILE = PinLocoTests/Info.plist;
				LD_RUNPATH_SEARCH_PATHS = "$(inherited) @executable_path/Frameworks @loader_path/Frameworks";
				PRODUCT_BUNDLE_IDENTIFIER = PinLoco.PinLocoTests;
				PRODUCT_NAME = "$(TARGET_NAME)";
				TEST_HOST = "$(BUILT_PRODUCTS_DIR)/PinLoco.app/PinLoco";
			};
			name = Debug;
		};
		370093EB1BF6EDEE000738AE /* Release */ = {
			isa = XCBuildConfiguration;
			buildSettings = {
				BUNDLE_LOADER = "$(TEST_HOST)";
				INFOPLIST_FILE = PinLocoTests/Info.plist;
				LD_RUNPATH_SEARCH_PATHS = "$(inherited) @executable_path/Frameworks @loader_path/Frameworks";
				PRODUCT_BUNDLE_IDENTIFIER = PinLoco.PinLocoTests;
				PRODUCT_NAME = "$(TARGET_NAME)";
				TEST_HOST = "$(BUILT_PRODUCTS_DIR)/PinLoco.app/PinLoco";
			};
			name = Release;
		};
		370093ED1BF6EDEE000738AE /* Debug */ = {
			isa = XCBuildConfiguration;
			buildSettings = {
				INFOPLIST_FILE = PinLocoUITests/Info.plist;
				LD_RUNPATH_SEARCH_PATHS = "$(inherited) @executable_path/Frameworks @loader_path/Frameworks";
				PRODUCT_BUNDLE_IDENTIFIER = PinLoco.PinLocoUITests;
				PRODUCT_NAME = "$(TARGET_NAME)";
				TEST_TARGET_NAME = PinLoco;
				USES_XCTRUNNER = YES;
			};
			name = Debug;
		};
		370093EE1BF6EDEE000738AE /* Release */ = {
			isa = XCBuildConfiguration;
			buildSettings = {
				INFOPLIST_FILE = PinLocoUITests/Info.plist;
				LD_RUNPATH_SEARCH_PATHS = "$(inherited) @executable_path/Frameworks @loader_path/Frameworks";
				PRODUCT_BUNDLE_IDENTIFIER = PinLoco.PinLocoUITests;
				PRODUCT_NAME = "$(TARGET_NAME)";
				TEST_TARGET_NAME = PinLoco;
				USES_XCTRUNNER = YES;
			};
			name = Release;
		};
/* End XCBuildConfiguration section */

/* Begin XCConfigurationList section */
		370093B91BF6EDEE000738AE /* Build configuration list for PBXProject "PinLoco" */ = {
			isa = XCConfigurationList;
			buildConfigurations = (
				370093E41BF6EDEE000738AE /* Debug */,
				370093E51BF6EDEE000738AE /* Release */,
			);
			defaultConfigurationIsVisible = 0;
			defaultConfigurationName = Release;
		};
		370093E61BF6EDEE000738AE /* Build configuration list for PBXNativeTarget "PinLoco" */ = {
			isa = XCConfigurationList;
			buildConfigurations = (
				370093E71BF6EDEE000738AE /* Debug */,
				370093E81BF6EDEE000738AE /* Release */,
			);
			defaultConfigurationIsVisible = 0;
			defaultConfigurationName = Release;
		};
		370093E91BF6EDEE000738AE /* Build configuration list for PBXNativeTarget "PinLocoTests" */ = {
			isa = XCConfigurationList;
			buildConfigurations = (
				370093EA1BF6EDEE000738AE /* Debug */,
				370093EB1BF6EDEE000738AE /* Release */,
			);
			defaultConfigurationIsVisible = 0;
			defaultConfigurationName = Release;
		};
		370093EC1BF6EDEE000738AE /* Build configuration list for PBXNativeTarget "PinLocoUITests" */ = {
			isa = XCConfigurationList;
			buildConfigurations = (
				370093ED1BF6EDEE000738AE /* Debug */,
				370093EE1BF6EDEE000738AE /* Release */,
			);
			defaultConfigurationIsVisible = 0;
			defaultConfigurationName = Release;
		};
/* End XCConfigurationList section */
	};
	rootObject = 370093B61BF6EDEE000738AE /* Project object */;
}
